// !$*UTF8*$!
{
	archiveVersion = 1;
	classes = {
	};
	objectVersion = 46;
	objects = {

/* Begin PBXBuildFile section */
		5C8228281B1500D90021B3AC /* AppDelegate.swift in Sources */ = {isa = PBXBuildFile; fileRef = 5C8228271B1500D90021B3AC /* AppDelegate.swift */; };
		5C82282B1B1500D90021B3AC /* Spinner.xcdatamodeld in Sources */ = {isa = PBXBuildFile; fileRef = 5C8228291B1500D90021B3AC /* Spinner.xcdatamodeld */; };
		5C82282D1B1500D90021B3AC /* ViewController.swift in Sources */ = {isa = PBXBuildFile; fileRef = 5C82282C1B1500D90021B3AC /* ViewController.swift */; };
		5C8228301B1500D90021B3AC /* Main.storyboard in Resources */ = {isa = PBXBuildFile; fileRef = 5C82282E1B1500D90021B3AC /* Main.storyboard */; };
		5C8228321B1500D90021B3AC /* Images.xcassets in Resources */ = {isa = PBXBuildFile; fileRef = 5C8228311B1500D90021B3AC /* Images.xcassets */; };
		5C8228351B1500D90021B3AC /* LaunchScreen.xib in Resources */ = {isa = PBXBuildFile; fileRef = 5C8228331B1500D90021B3AC /* LaunchScreen.xib */; };
		5C8228411B1500D90021B3AC /* SpinnerTests.swift in Sources */ = {isa = PBXBuildFile; fileRef = 5C8228401B1500D90021B3AC /* SpinnerTests.swift */; };
		5C82284D1B15013A0021B3AC /* GearLoading.swift in Sources */ = {isa = PBXBuildFile; fileRef = 5C82284C1B15013A0021B3AC /* GearLoading.swift */; };
		5C8228611B1521AC0021B3AC /* background.png in Resources */ = {isa = PBXBuildFile; fileRef = 5C8228511B1521AC0021B3AC /* background.png */; };
		5C8228631B1521AC0021B3AC /* background@3x.png in Resources */ = {isa = PBXBuildFile; fileRef = 5C8228531B1521AC0021B3AC /* background@3x.png */; };
		5C8228641B1521AC0021B3AC /* gears 1.png in Resources */ = {isa = PBXBuildFile; fileRef = 5C8228541B1521AC0021B3AC /* gears 1.png */; };
		5C8228651B1521AC0021B3AC /* gears 1@2x.png in Resources */ = {isa = PBXBuildFile; fileRef = 5C8228551B1521AC0021B3AC /* gears 1@2x.png */; };
		5C8228661B1521AC0021B3AC /* gears 1@3x.png in Resources */ = {isa = PBXBuildFile; fileRef = 5C8228561B1521AC0021B3AC /* gears 1@3x.png */; };
		5C8228671B1521AC0021B3AC /* gears 2.png in Resources */ = {isa = PBXBuildFile; fileRef = 5C8228571B1521AC0021B3AC /* gears 2.png */; };
		5C8228681B1521AC0021B3AC /* gears 2@2x.png in Resources */ = {isa = PBXBuildFile; fileRef = 5C8228581B1521AC0021B3AC /* gears 2@2x.png */; };
		5C8228691B1521AC0021B3AC /* gears 2@3x.png in Resources */ = {isa = PBXBuildFile; fileRef = 5C8228591B1521AC0021B3AC /* gears 2@3x.png */; };
		5C82286A1B1521AC0021B3AC /* gears 3.png in Resources */ = {isa = PBXBuildFile; fileRef = 5C82285A1B1521AC0021B3AC /* gears 3.png */; };
		5C82286B1B1521AC0021B3AC /* gears 3@2x.png in Resources */ = {isa = PBXBuildFile; fileRef = 5C82285B1B1521AC0021B3AC /* gears 3@2x.png */; };
		5C82286C1B1521AC0021B3AC /* gears 3@3x.png in Resources */ = {isa = PBXBuildFile; fileRef = 5C82285C1B1521AC0021B3AC /* gears 3@3x.png */; };
		5C82286D1B1521AC0021B3AC /* imgDemo.png in Resources */ = {isa = PBXBuildFile; fileRef = 5C82285D1B1521AC0021B3AC /* imgDemo.png */; };
		5C82286E1B1521AC0021B3AC /* Layer 1.png in Resources */ = {isa = PBXBuildFile; fileRef = 5C82285E1B1521AC0021B3AC /* Layer 1.png */; };
		5C82286F1B1521AC0021B3AC /* Layer 1@2x.png in Resources */ = {isa = PBXBuildFile; fileRef = 5C82285F1B1521AC0021B3AC /* Layer 1@2x.png */; };
		5C8228701B1521AC0021B3AC /* Layer 1@3x.png in Resources */ = {isa = PBXBuildFile; fileRef = 5C8228601B1521AC0021B3AC /* Layer 1@3x.png */; };
		5C8228711B1521B50021B3AC /* background@2x.png in Resources */ = {isa = PBXBuildFile; fileRef = 5C8228731B1521B50021B3AC /* background@2x.png */; };
/* End PBXBuildFile section */

/* Begin PBXContainerItemProxy section */
		5C82283B1B1500D90021B3AC /* PBXContainerItemProxy */ = {
			isa = PBXContainerItemProxy;
			containerPortal = 5C82281A1B1500D90021B3AC /* Project object */;
			proxyType = 1;
			remoteGlobalIDString = 5C8228211B1500D90021B3AC;
			remoteInfo = Spinner;
		};
/* End PBXContainerItemProxy section */

/* Begin PBXFileReference section */
		5C8228221B1500D90021B3AC /* Spinner.app */ = {isa = PBXFileReference; explicitFileType = wrapper.application; includeInIndex = 0; path = Spinner.app; sourceTree = BUILT_PRODUCTS_DIR; };
		5C8228261B1500D90021B3AC /* Info.plist */ = {isa = PBXFileReference; lastKnownFileType = text.plist.xml; path = Info.plist; sourceTree = "<group>"; };
		5C8228271B1500D90021B3AC /* AppDelegate.swift */ = {isa = PBXFileReference; lastKnownFileType = sourcecode.swift; path = AppDelegate.swift; sourceTree = "<group>"; };
		5C82282A1B1500D90021B3AC /* Spinner.xcdatamodel */ = {isa = PBXFileReference; lastKnownFileType = wrapper.xcdatamodel; path = Spinner.xcdatamodel; sourceTree = "<group>"; };
		5C82282C1B1500D90021B3AC /* ViewController.swift */ = {isa = PBXFileReference; lastKnownFileType = sourcecode.swift; path = ViewController.swift; sourceTree = "<group>"; };
		5C82282F1B1500D90021B3AC /* Base */ = {isa = PBXFileReference; lastKnownFileType = file.storyboard; name = Base; path = Base.lproj/Main.storyboard; sourceTree = "<group>"; };
		5C8228311B1500D90021B3AC /* Images.xcassets */ = {isa = PBXFileReference; lastKnownFileType = folder.assetcatalog; path = Images.xcassets; sourceTree = "<group>"; };
		5C8228341B1500D90021B3AC /* Base */ = {isa = PBXFileReference; lastKnownFileType = file.xib; name = Base; path = Base.lproj/LaunchScreen.xib; sourceTree = "<group>"; };
		5C82283A1B1500D90021B3AC /* SpinnerTests.xctest */ = {isa = PBXFileReference; explicitFileType = wrapper.cfbundle; includeInIndex = 0; path = SpinnerTests.xctest; sourceTree = BUILT_PRODUCTS_DIR; };
		5C82283F1B1500D90021B3AC /* Info.plist */ = {isa = PBXFileReference; lastKnownFileType = text.plist.xml; path = Info.plist; sourceTree = "<group>"; };
		5C8228401B1500D90021B3AC /* SpinnerTests.swift */ = {isa = PBXFileReference; lastKnownFileType = sourcecode.swift; path = SpinnerTests.swift; sourceTree = "<group>"; };
		5C82284C1B15013A0021B3AC /* GearLoading.swift */ = {isa = PBXFileReference; fileEncoding = 4; lastKnownFileType = sourcecode.swift; path = GearLoading.swift; sourceTree = "<group>"; };
		5C8228511B1521AC0021B3AC /* background.png */ = {isa = PBXFileReference; lastKnownFileType = image.png; path = background.png; sourceTree = "<group>"; };
		5C8228531B1521AC0021B3AC /* background@3x.png */ = {isa = PBXFileReference; lastKnownFileType = image.png; path = "background@3x.png"; sourceTree = "<group>"; };
		5C8228541B1521AC0021B3AC /* gears 1.png */ = {isa = PBXFileReference; lastKnownFileType = image.png; path = "gears 1.png"; sourceTree = "<group>"; };
		5C8228551B1521AC0021B3AC /* gears 1@2x.png */ = {isa = PBXFileReference; lastKnownFileType = image.png; path = "gears 1@2x.png"; sourceTree = "<group>"; };
		5C8228561B1521AC0021B3AC /* gears 1@3x.png */ = {isa = PBXFileReference; lastKnownFileType = image.png; path = "gears 1@3x.png"; sourceTree = "<group>"; };
		5C8228571B1521AC0021B3AC /* gears 2.png */ = {isa = PBXFileReference; lastKnownFileType = image.png; path = "gears 2.png"; sourceTree = "<group>"; };
		5C8228581B1521AC0021B3AC /* gears 2@2x.png */ = {isa = PBXFileReference; lastKnownFileType = image.png; path = "gears 2@2x.png"; sourceTree = "<group>"; };
		5C8228591B1521AC0021B3AC /* gears 2@3x.png */ = {isa = PBXFileReference; lastKnownFileType = image.png; path = "gears 2@3x.png"; sourceTree = "<group>"; };
		5C82285A1B1521AC0021B3AC /* gears 3.png */ = {isa = PBXFileReference; lastKnownFileType = image.png; path = "gears 3.png"; sourceTree = "<group>"; };
		5C82285B1B1521AC0021B3AC /* gears 3@2x.png */ = {isa = PBXFileReference; lastKnownFileType = image.png; path = "gears 3@2x.png"; sourceTree = "<group>"; };
		5C82285C1B1521AC0021B3AC /* gears 3@3x.png */ = {isa = PBXFileReference; lastKnownFileType = image.png; path = "gears 3@3x.png"; sourceTree = "<group>"; };
		5C82285D1B1521AC0021B3AC /* imgDemo.png */ = {isa = PBXFileReference; lastKnownFileType = image.png; path = imgDemo.png; sourceTree = "<group>"; };
		5C82285E1B1521AC0021B3AC /* Layer 1.png */ = {isa = PBXFileReference; lastKnownFileType = image.png; path = "Layer 1.png"; sourceTree = "<group>"; };
		5C82285F1B1521AC0021B3AC /* Layer 1@2x.png */ = {isa = PBXFileReference; lastKnownFileType = image.png; path = "Layer 1@2x.png"; sourceTree = "<group>"; };
		5C8228601B1521AC0021B3AC /* Layer 1@3x.png */ = {isa = PBXFileReference; lastKnownFileType = image.png; path = "Layer 1@3x.png"; sourceTree = "<group>"; };
		5C8228721B1521B50021B3AC /* Base */ = {isa = PBXFileReference; lastKnownFileType = image.png; name = Base; path = "Base.lproj/background@2x.png"; sourceTree = "<group>"; };
/* End PBXFileReference section */

/* Begin PBXFrameworksBuildPhase section */
		5C82281F1B1500D90021B3AC /* Frameworks */ = {
			isa = PBXFrameworksBuildPhase;
			buildActionMask = 2147483647;
			files = (
			);
			runOnlyForDeploymentPostprocessing = 0;
		};
		5C8228371B1500D90021B3AC /* Frameworks */ = {
			isa = PBXFrameworksBuildPhase;
			buildActionMask = 2147483647;
			files = (
			);
			runOnlyForDeploymentPostprocessing = 0;
		};
/* End PBXFrameworksBuildPhase section */

/* Begin PBXGroup section */
		5C8228191B1500D90021B3AC = {
			isa = PBXGroup;
			children = (
				5C8228241B1500D90021B3AC /* Spinner */,
				5C82283D1B1500D90021B3AC /* SpinnerTests */,
				5C8228231B1500D90021B3AC /* Products */,
			);
			sourceTree = "<group>";
		};
		5C8228231B1500D90021B3AC /* Products */ = {
			isa = PBXGroup;
			children = (
				5C8228221B1500D90021B3AC /* Spinner.app */,
				5C82283A1B1500D90021B3AC /* SpinnerTests.xctest */,
			);
			name = Products;
			sourceTree = "<group>";
		};
		5C8228241B1500D90021B3AC /* Spinner */ = {
			isa = PBXGroup;
			children = (
				5C8228271B1500D90021B3AC /* AppDelegate.swift */,
				5C82282C1B1500D90021B3AC /* ViewController.swift */,
				5C8228501B15219F0021B3AC /* Images */,
				5C82282E1B1500D90021B3AC /* Main.storyboard */,
				5C8228311B1500D90021B3AC /* Images.xcassets */,
				5C8228331B1500D90021B3AC /* LaunchScreen.xib */,
				5C82284C1B15013A0021B3AC /* GearLoading.swift */,
				5C8228291B1500D90021B3AC /* Spinner.xcdatamodeld */,
				5C8228251B1500D90021B3AC /* Supporting Files */,
			);
			path = Spinner;
			sourceTree = "<group>";
		};
		5C8228251B1500D90021B3AC /* Supporting Files */ = {
			isa = PBXGroup;
			children = (
				5C8228261B1500D90021B3AC /* Info.plist */,
			);
			name = "Supporting Files";
			sourceTree = "<group>";
		};
		5C82283D1B1500D90021B3AC /* SpinnerTests */ = {
			isa = PBXGroup;
			children = (
				5C8228401B1500D90021B3AC /* SpinnerTests.swift */,
				5C82283E1B1500D90021B3AC /* Supporting Files */,
			);
			path = SpinnerTests;
			sourceTree = "<group>";
		};
		5C82283E1B1500D90021B3AC /* Supporting Files */ = {
			isa = PBXGroup;
			children = (
				5C82283F1B1500D90021B3AC /* Info.plist */,
			);
			name = "Supporting Files";
			sourceTree = "<group>";
		};
		5C8228501B15219F0021B3AC /* Images */ = {
			isa = PBXGroup;
			children = (
				5C8228511B1521AC0021B3AC /* background.png */,
				5C8228731B1521B50021B3AC /* background@2x.png */,
				5C8228531B1521AC0021B3AC /* background@3x.png */,
				5C8228541B1521AC0021B3AC /* gears 1.png */,
				5C8228551B1521AC0021B3AC /* gears 1@2x.png */,
				5C8228561B1521AC0021B3AC /* gears 1@3x.png */,
				5C8228571B1521AC0021B3AC /* gears 2.png */,
				5C8228581B1521AC0021B3AC /* gears 2@2x.png */,
				5C8228591B1521AC0021B3AC /* gears 2@3x.png */,
				5C82285A1B1521AC0021B3AC /* gears 3.png */,
				5C82285B1B1521AC0021B3AC /* gears 3@2x.png */,
				5C82285C1B1521AC0021B3AC /* gears 3@3x.png */,
				5C82285D1B1521AC0021B3AC /* imgDemo.png */,
				5C82285E1B1521AC0021B3AC /* Layer 1.png */,
				5C82285F1B1521AC0021B3AC /* Layer 1@2x.png */,
				5C8228601B1521AC0021B3AC /* Layer 1@3x.png */,
			);
			name = Images;
			sourceTree = "<group>";
		};
/* End PBXGroup section */

/* Begin PBXNativeTarget section */
		5C8228211B1500D90021B3AC /* Spinner */ = {
			isa = PBXNativeTarget;
			buildConfigurationList = 5C8228441B1500D90021B3AC /* Build configuration list for PBXNativeTarget "Spinner" */;
			buildPhases = (
				5C82281E1B1500D90021B3AC /* Sources */,
				5C82281F1B1500D90021B3AC /* Frameworks */,
				5C8228201B1500D90021B3AC /* Resources */,
			);
			buildRules = (
			);
			dependencies = (
			);
			name = Spinner;
			productName = Spinner;
			productReference = 5C8228221B1500D90021B3AC /* Spinner.app */;
			productType = "com.apple.product-type.application";
		};
		5C8228391B1500D90021B3AC /* SpinnerTests */ = {
			isa = PBXNativeTarget;
			buildConfigurationList = 5C8228471B1500D90021B3AC /* Build configuration list for PBXNativeTarget "SpinnerTests" */;
			buildPhases = (
				5C8228361B1500D90021B3AC /* Sources */,
				5C8228371B1500D90021B3AC /* Frameworks */,
				5C8228381B1500D90021B3AC /* Resources */,
			);
			buildRules = (
			);
			dependencies = (
				5C82283C1B1500D90021B3AC /* PBXTargetDependency */,
			);
			name = SpinnerTests;
			productName = SpinnerTests;
			productReference = 5C82283A1B1500D90021B3AC /* SpinnerTests.xctest */;
			productType = "com.apple.product-type.bundle.unit-test";
		};
/* End PBXNativeTarget section */

/* Begin PBXProject section */
		5C82281A1B1500D90021B3AC /* Project object */ = {
			isa = PBXProject;
			attributes = {
				LastUpgradeCheck = 0630;
				ORGANIZATIONNAME = "Mauro Callegari";
				TargetAttributes = {
					5C8228211B1500D90021B3AC = {
						CreatedOnToolsVersion = 6.3.1;
					};
					5C8228391B1500D90021B3AC = {
						CreatedOnToolsVersion = 6.3.1;
						TestTargetID = 5C8228211B1500D90021B3AC;
					};
				};
			};
			buildConfigurationList = 5C82281D1B1500D90021B3AC /* Build configuration list for PBXProject "Spinner" */;
			compatibilityVersion = "Xcode 3.2";
			developmentRegion = English;
			hasScannedForEncodings = 0;
			knownRegions = (
				en,
				Base,
			);
			mainGroup = 5C8228191B1500D90021B3AC;
			productRefGroup = 5C8228231B1500D90021B3AC /* Products */;
			projectDirPath = "";
			projectRoot = "";
			targets = (
				5C8228211B1500D90021B3AC /* Spinner */,
				5C8228391B1500D90021B3AC /* SpinnerTests */,
			);
		};
/* End PBXProject section */

/* Begin PBXResourcesBuildPhase section */
		5C8228201B1500D90021B3AC /* Resources */ = {
			isa = PBXResourcesBuildPhase;
			buildActionMask = 2147483647;
			files = (
				5C82286D1B1521AC0021B3AC /* imgDemo.png in Resources */,
				5C82286F1B1521AC0021B3AC /* Layer 1@2x.png in Resources */,
				5C8228641B1521AC0021B3AC /* gears 1.png in Resources */,
				5C8228301B1500D90021B3AC /* Main.storyboard in Resources */,
				5C8228631B1521AC0021B3AC /* background@3x.png in Resources */,
				5C82286E1B1521AC0021B3AC /* Layer 1.png in Resources */,
				5C8228611B1521AC0021B3AC /* background.png in Resources */,
				5C82286C1B1521AC0021B3AC /* gears 3@3x.png in Resources */,
				5C8228681B1521AC0021B3AC /* gears 2@2x.png in Resources */,
				5C8228351B1500D90021B3AC /* LaunchScreen.xib in Resources */,
				5C8228711B1521B50021B3AC /* background@2x.png in Resources */,
				5C82286A1B1521AC0021B3AC /* gears 3.png in Resources */,
				5C8228661B1521AC0021B3AC /* gears 1@3x.png in Resources */,
				5C8228691B1521AC0021B3AC /* gears 2@3x.png in Resources */,
				5C82286B1B1521AC0021B3AC /* gears 3@2x.png in Resources */,
				5C8228651B1521AC0021B3AC /* gears 1@2x.png in Resources */,
				5C8228701B1521AC0021B3AC /* Layer 1@3x.png in Resources */,
				5C8228671B1521AC0021B3AC /* gears 2.png in Resources */,
				5C8228321B1500D90021B3AC /* Images.xcassets in Resources */,
			);
			runOnlyForDeploymentPostprocessing = 0;
		};
		5C8228381B1500D90021B3AC /* Resources */ = {
			isa = PBXResourcesBuildPhase;
			buildActionMask = 2147483647;
			files = (
			);
			runOnlyForDeploymentPostprocessing = 0;
		};
/* End PBXResourcesBuildPhase section */

/* Begin PBXSourcesBuildPhase section */
		5C82281E1B1500D90021B3AC /* Sources */ = {
			isa = PBXSourcesBuildPhase;
			buildActionMask = 2147483647;
			files = (
				5C82282D1B1500D90021B3AC /* ViewController.swift in Sources */,
				5C82284D1B15013A0021B3AC /* GearLoading.swift in Sources */,
				5C8228281B1500D90021B3AC /* AppDelegate.swift in Sources */,
				5C82282B1B1500D90021B3AC /* Spinner.xcdatamodeld in Sources */,
			);
			runOnlyForDeploymentPostprocessing = 0;
		};
		5C8228361B1500D90021B3AC /* Sources */ = {
			isa = PBXSourcesBuildPhase;
			buildActionMask = 2147483647;
			files = (
				5C8228411B1500D90021B3AC /* SpinnerTests.swift in Sources */,
			);
			runOnlyForDeploymentPostprocessing = 0;
		};
/* End PBXSourcesBuildPhase section */

/* Begin PBXTargetDependency section */
		5C82283C1B1500D90021B3AC /* PBXTargetDependency */ = {
			isa = PBXTargetDependency;
			target = 5C8228211B1500D90021B3AC /* Spinner */;
			targetProxy = 5C82283B1B1500D90021B3AC /* PBXContainerItemProxy */;
		};
/* End PBXTargetDependency section */

/* Begin PBXVariantGroup section */
		5C82282E1B1500D90021B3AC /* Main.storyboard */ = {
			isa = PBXVariantGroup;
			children = (
				5C82282F1B1500D90021B3AC /* Base */,
			);
			name = Main.storyboard;
			sourceTree = "<group>";
		};
		5C8228331B1500D90021B3AC /* LaunchScreen.xib */ = {
			isa = PBXVariantGroup;
			children = (
				5C8228341B1500D90021B3AC /* Base */,
			);
			name = LaunchScreen.xib;
			sourceTree = "<group>";
		};
		5C8228731B1521B50021B3AC /* background@2x.png */ = {
			isa = PBXVariantGroup;
			children = (
				5C8228721B1521B50021B3AC /* Base */,
			);
			name = "background@2x.png";
			sourceTree = "<group>";
		};
/* End PBXVariantGroup section */

/* Begin XCBuildConfiguration section */
		5C8228421B1500D90021B3AC /* Debug */ = {
			isa = XCBuildConfiguration;
			buildSettings = {
				ALWAYS_SEARCH_USER_PATHS = NO;
				CLANG_CXX_LANGUAGE_STANDARD = "gnu++0x";
				CLANG_CXX_LIBRARY = "libc++";
				CLANG_ENABLE_MODULES = YES;
				CLANG_ENABLE_OBJC_ARC = YES;
				CLANG_WARN_BOOL_CONVERSION = YES;
				CLANG_WARN_CONSTANT_CONVERSION = YES;
				CLANG_WARN_DIRECT_OBJC_ISA_USAGE = YES_ERROR;
				CLANG_WARN_EMPTY_BODY = YES;
				CLANG_WARN_ENUM_CONVERSION = YES;
				CLANG_WARN_INT_CONVERSION = YES;
				CLANG_WARN_OBJC_ROOT_CLASS = YES_ERROR;
				CLANG_WARN_UNREACHABLE_CODE = YES;
				CLANG_WARN__DUPLICATE_METHOD_MATCH = YES;
				"CODE_SIGN_IDENTITY[sdk=iphoneos*]" = "iPhone Developer";
				COPY_PHASE_STRIP = NO;
				DEBUG_INFORMATION_FORMAT = "dwarf-with-dsym";
				ENABLE_STRICT_OBJC_MSGSEND = YES;
				GCC_C_LANGUAGE_STANDARD = gnu99;
				GCC_DYNAMIC_NO_PIC = NO;
				GCC_NO_COMMON_BLOCKS = YES;
				GCC_OPTIMIZATION_LEVEL = 0;
				GCC_PREPROCESSOR_DEFINITIONS = (
					"DEBUG=1",
					"$(inherited)",
				);
				GCC_SYMBOLS_PRIVATE_EXTERN = NO;
				GCC_WARN_64_TO_32_BIT_CONVERSION = YES;
				GCC_WARN_ABOUT_RETURN_TYPE = YES_ERROR;
				GCC_WARN_UNDECLARED_SELECTOR = YES;
				GCC_WARN_UNINITIALIZED_AUTOS = YES_AGGRESSIVE;
				GCC_WARN_UNUSED_FUNCTION = YES;
				GCC_WARN_UNUSED_VARIABLE = YES;
				IPHONEOS_DEPLOYMENT_TARGET = 8.3;
				MTL_ENABLE_DEBUG_INFO = YES;
				ONLY_ACTIVE_ARCH = YES;
				SDKROOT = iphoneos;
				SWIFT_OPTIMIZATION_LEVEL = "-Onone";
			};
			name = Debug;
		};
		5C8228431B1500D90021B3AC /* Release */ = {
			isa = XCBuildConfiguration;
			buildSettings = {
				ALWAYS_SEARCH_USER_PATHS = NO;
				CLANG_CXX_LANGUAGE_STANDARD = "gnu++0x";
				CLANG_CXX_LIBRARY = "libc++";
				CLANG_ENABLE_MODULES = YES;
				CLANG_ENABLE_OBJC_ARC = YES;
				CLANG_WARN_BOOL_CONVERSION = YES;
				CLANG_WARN_CONSTANT_CONVERSION = YES;
				CLANG_WARN_DIRECT_OBJC_ISA_USAGE = YES_ERROR;
				CLANG_WARN_EMPTY_BODY = YES;
				CLANG_WARN_ENUM_CONVERSION = YES;
				CLANG_WARN_INT_CONVERSION = YES;
				CLANG_WARN_OBJC_ROOT_CLASS = YES_ERROR;
				CLANG_WARN_UNREACHABLE_CODE = YES;
				CLANG_WARN__DUPLICATE_METHOD_MATCH = YES;
				"CODE_SIGN_IDENTITY[sdk=iphoneos*]" = "iPhone Developer";
				COPY_PHASE_STRIP = NO;
				DEBUG_INFORMATION_FORMAT = "dwarf-with-dsym";
				ENABLE_NS_ASSERTIONS = NO;
				ENABLE_STRICT_OBJC_MSGSEND = YES;
				GCC_C_LANGUAGE_STANDARD = gnu99;
				GCC_NO_COMMON_BLOCKS = YES;
				GCC_WARN_64_TO_32_BIT_CONVERSION = YES;
				GCC_WARN_ABOUT_RETURN_TYPE = YES_ERROR;
				GCC_WARN_UNDECLARED_SELECTOR = YES;
				GCC_WARN_UNINITIALIZED_AUTOS = YES_AGGRESSIVE;
				GCC_WARN_UNUSED_FUNCTION = YES;
				GCC_WARN_UNUSED_VARIABLE = YES;
				IPHONEOS_DEPLOYMENT_TARGET = 8.3;
				MTL_ENABLE_DEBUG_INFO = NO;
				SDKROOT = iphoneos;
				VALIDATE_PRODUCT = YES;
			};
			name = Release;
		};
		5C8228451B1500D90021B3AC /* Debug */ = {
			isa = XCBuildConfiguration;
			buildSettings = {
				ASSETCATALOG_COMPILER_APPICON_NAME = AppIcon;
				INFOPLIST_FILE = Spinner/Info.plist;
				LD_RUNPATH_SEARCH_PATHS = "$(inherited) @executable_path/Frameworks";
				PRODUCT_NAME = "$(TARGET_NAME)";
			};
			name = Debug;
		};
		5C8228461B1500D90021B3AC /* Release */ = {
			isa = XCBuildConfiguration;
			buildSettings = {
				ASSETCATALOG_COMPILER_APPICON_NAME = AppIcon;
				INFOPLIST_FILE = Spinner/Info.plist;
				LD_RUNPATH_SEARCH_PATHS = "$(inherited) @executable_path/Frameworks";
				PRODUCT_NAME = "$(TARGET_NAME)";
			};
			name = Release;
		};
		5C8228481B1500D90021B3AC /* Debug */ = {
			isa = XCBuildConfiguration;
			buildSettings = {
				BUNDLE_LOADER = "$(TEST_HOST)";
				FRAMEWORK_SEARCH_PATHS = (
					"$(SDKROOT)/Developer/Library/Frameworks",
					"$(inherited)",
				);
				GCC_PREPROCESSOR_DEFINITIONS = (
					"DEBUG=1",
					"$(inherited)",
				);
				INFOPLIST_FILE = SpinnerTests/Info.plist;
				LD_RUNPATH_SEARCH_PATHS = "$(inherited) @executable_path/Frameworks @loader_path/Frameworks";
				PRODUCT_NAME = "$(TARGET_NAME)";
				TEST_HOST = "$(BUILT_PRODUCTS_DIR)/Spinner.app/Spinner";
			};
			name = Debug;
		};
		5C8228491B1500D90021B3AC /* Release */ = {
			isa = XCBuildConfiguration;
			buildSettings = {
				BUNDLE_LOADER = "$(TEST_HOST)";
				FRAMEWORK_SEARCH_PATHS = (
					"$(SDKROOT)/Developer/Library/Frameworks",
					"$(inherited)",
				);
				INFOPLIST_FILE = SpinnerTests/Info.plist;
				LD_RUNPATH_SEARCH_PATHS = "$(inherited) @executable_path/Frameworks @loader_path/Frameworks";
				PRODUCT_NAME = "$(TARGET_NAME)";
				TEST_HOST = "$(BUILT_PRODUCTS_DIR)/Spinner.app/Spinner";
			};
			name = Release;
		};
/* End XCBuildConfiguration section */

/* Begin XCConfigurationList section */
		5C82281D1B1500D90021B3AC /* Build configuration list for PBXProject "Spinner" */ = {
			isa = XCConfigurationList;
			buildConfigurations = (
				5C8228421B1500D90021B3AC /* Debug */,
				5C8228431B1500D90021B3AC /* Release */,
			);
			defaultConfigurationIsVisible = 0;
			defaultConfigurationName = Release;
		};
		5C8228441B1500D90021B3AC /* Build configuration list for PBXNativeTarget "Spinner" */ = {
			isa = XCConfigurationList;
			buildConfigurations = (
				5C8228451B1500D90021B3AC /* Debug */,
				5C8228461B1500D90021B3AC /* Release */,
			);
			defaultConfigurationIsVisible = 0;
		};
		5C8228471B1500D90021B3AC /* Build configuration list for PBXNativeTarget "SpinnerTests" */ = {
			isa = XCConfigurationList;
			buildConfigurations = (
				5C8228481B1500D90021B3AC /* Debug */,
				5C8228491B1500D90021B3AC /* Release */,
			);
			defaultConfigurationIsVisible = 0;
		};
/* End XCConfigurationList section */

/* Begin XCVersionGroup section */
		5C8228291B1500D90021B3AC /* Spinner.xcdatamodeld */ = {
			isa = XCVersionGroup;
			children = (
				5C82282A1B1500D90021B3AC /* Spinner.xcdatamodel */,
			);
			currentVersion = 5C82282A1B1500D90021B3AC /* Spinner.xcdatamodel */;
			path = Spinner.xcdatamodeld;
			sourceTree = "<group>";
			versionGroupType = wrapper.xcdatamodel;
		};
/* End XCVersionGroup section */
	};
	rootObject = 5C82281A1B1500D90021B3AC /* Project object */;
}
